{
  "pins" : [
    {
      "identity" : "instacover-mobile-sdk",
      "kind" : "remoteSourceControl",
      "location" : "https://github.com/InstaCover/instacover-mobile-sdk",
      "state" : {
        "revision" : "0c464674669f2be6639d409fbd8b68385d98ad10",
        "version" : "1.1.0"
      }
    }
  ],
  "version" : 2
}
